schema: '2.0'
stages:
  load_data:
    cmd: python mlops/load_data.py --config params.yaml
    deps:
    - path: mlops/load_data.py
      hash: md5
      md5: 69575a58117f1010344f37f3343e2065
      size: 919
    outs:
    - path: ./data/raw_full/data.csv
      hash: md5
      md5: 5628ae70e57e182b7e07538670fb9aca
      size: 109023723
  preprocess:
    cmd: python mlops/preprocess_data.py --config params.yaml
    deps:
    - path: ./data/raw_full/data.csv
      hash: md5
      md5: 5628ae70e57e182b7e07538670fb9aca
      size: 109023723
    - path: mlops/preprocess_data.py
      hash: md5
      md5: fac7ec01cf24dec08f6dadf18df9b78a
      size: 4609
    outs:
    - path: ./data/interim/preprocessed_data.csv
      hash: md5
      md5: 9fcf664ff102876764e35085fe6205da
      size: 6945839
    - path: ./data/processed/X_test.csv
      hash: md5
      md5: c06e97c6e6094a88508f44ad0824ee47
      size: 4343577
    - path: ./data/processed/X_train.csv
      hash: md5
      md5: ab27421b814b0754763cac669bb23dcf
      size: 17370138
    - path: ./data/processed/y_test.csv
      hash: md5
      md5: 0a80013e1cc853668aa28a82bcf34466
      size: 355277
    - path: ./data/processed/y_train.csv
      hash: md5
      md5: 064cd8e059d0013dd2f50fc2d8ece14f
      size: 1421345
  train:
    cmd: python mlops/train.py --config params.yaml
    deps:
    - path: ./data/processed/X_train.csv
      hash: md5
      md5: ab27421b814b0754763cac669bb23dcf
      size: 17370138
    - path: ./data/processed/y_train.csv
      hash: md5
      md5: 064cd8e059d0013dd2f50fc2d8ece14f
      size: 1421345
    - path: mlops/train.py
      hash: md5
      md5: 8688a53094f3b3cb6a36cedb9515ad23
      size: 4059
    outs:
    - path: ./models/model.pkl
      hash: md5
      md5: 0b5c9294930b0ef009bbdb9964b2f302
      size: 103843339
  evaluate:
    cmd: python mlops/evaluate.py --config params.yaml
    deps:
    - path: ./data/processed/X_test.csv
      hash: md5
      md5: c06e97c6e6094a88508f44ad0824ee47
      size: 4343577
    - path: ./data/processed/y_test.csv
      hash: md5
      md5: 0a80013e1cc853668aa28a82bcf34466
      size: 355277
    - path: ./models/model.pkl
      hash: md5
      md5: 0b5c9294930b0ef009bbdb9964b2f302
      size: 103843339
    - path: mlops/evaluate.py
      hash: md5
      md5: be26be1af5a86ba70f77d39e7e9976eb
      size: 4296
    outs:
    - path: ./reports/figures/feature_importance.png
      hash: md5
      md5: 1ac2562ce9254c13dd51bf91be2d8d1b
      size: 28367
    - path: ./reports/figures/regression_plot.png
      hash: md5
      md5: 4acb1d51489a1aef1bf7ebd97b9b582c
      size: 149769
